
Microsoft Visual Studio Solution File, Format Version 12.00
# Visual Studio 15
VisualStudioVersion = 15.0.28307.1738
MinimumVisualStudioVersion = 10.0.40219.1
Project("{8BC9CEB8-8B4A-11D0-8D11-00A0C91BC942}") = "Project1", "Project1\Project1.vcxproj", "{3C5870AD-573B-49A0-94AC-565B35C859DC}"
EndProject
Global
	GlobalSection(SolutionConfigurationPlatforms) = preSolution
		Debug|x64 = Debug|x64
		Debug|x86 = Debug|x86
		Release|x64 = Release|x64
		Release|x86 = Release|x86
	EndGlobalSection
	GlobalSection(ProjectConfigurationPlatforms) = postSolution
		{3C5870AD-573B-49A0-94AC-565B35C859DC}.Debug|x64.ActiveCfg = Debug|x64
		{3C5870AD-573B-49A0-94AC-565B35C859DC}.Debug|x64.Build.0 = Debug|x64
		{3C5870AD-573B-49A0-94AC-565B35C859DC}.Debug|x86.ActiveCfg = Debug|Win32
		{3C5870AD-573B-49A0-94AC-565B35C859DC}.Debug|x86.Build.0 = Debug|Win32
		{3C5870AD-573B-49A0-94AC-565B35C859DC}.Release|x64.ActiveCfg = Release|x64
		{3C5870AD-573B-49A0-94AC-565B35C859DC}.Release|x64.Build.0 = Release|x64
		{3C5870AD-573B-49A0-94AC-565B35C859DC}.Release|x86.ActiveCfg = Release|Win32
		{3C5870AD-573B-49A0-94AC-565B35C859DC}.Release|x86.Build.0 = Release|Win32
	EndGlobalSection
	GlobalSection(SolutionProperties) = preSolution
		HideSolutionNode = FALSE
	EndGlobalSection
	GlobalSection(ExtensibilityGlobals) = postSolution
		SolutionGuid = {8FF90304-EA72-4A72-821C-00A96C3D8F1B}
	EndGlobalSection
EndGlobal
